
Microsoft Visual Studio Solution File, Format Version 12.00
# Visual Studio Version 17
VisualStudioVersion = 17.11.35303.130
MinimumVisualStudioVersion = 10.0.40219.1
Project("{FAE04EC0-301F-11D3-BF4B-00C04F79EFBC}") = "projeto-08-10", "projeto-08-10\projeto-08-10.csproj", "{0A0ADA34-A320-4F02-93CA-BBC4EFEE3D34}"
EndProject
Global
	GlobalSection(SolutionConfigurationPlatforms) = preSolution
		Debug|Any CPU = Debug|Any CPU
		Release|Any CPU = Release|Any CPU
	EndGlobalSection
	GlobalSection(ProjectConfigurationPlatforms) = postSolution
		{0A0ADA34-A320-4F02-93CA-BBC4EFEE3D34}.Debug|Any CPU.ActiveCfg = Debug|Any CPU
		{0A0ADA34-A320-4F02-93CA-BBC4EFEE3D34}.Debug|Any CPU.Build.0 = Debug|Any CPU
		{0A0ADA34-A320-4F02-93CA-BBC4EFEE3D34}.Release|Any CPU.ActiveCfg = Release|Any CPU
		{0A0ADA34-A320-4F02-93CA-BBC4EFEE3D34}.Release|Any CPU.Build.0 = Release|Any CPU
	EndGlobalSection
	GlobalSection(SolutionProperties) = preSolution
		HideSolutionNode = FALSE
	EndGlobalSection
	GlobalSection(ExtensibilityGlobals) = postSolution
		SolutionGuid = {03742105-8878-4303-B38A-AD0AE046E761}
	EndGlobalSection
EndGlobal
